
Microsoft Visual Studio Solution File, Format Version 12.00
# Visual Studio 15
VisualStudioVersion = 15.0.28307.489
MinimumVisualStudioVersion = 10.0.40219.1
Project("{FAE04EC0-301F-11D3-BF4B-00C04F79EFBC}") = "ExportToExcelLateBinding_CS", "ExportToExcelLateBinding_CS\ExportToExcelLateBinding_CS.csproj", "{0C817916-04F4-46CF-A9A3-7E223A7C5834}"
EndProject
Global
	GlobalSection(SolutionConfigurationPlatforms) = preSolution
		Debug|Any CPU = Debug|Any CPU
		Release|Any CPU = Release|Any CPU
	EndGlobalSection
	GlobalSection(ProjectConfigurationPlatforms) = postSolution
		{0C817916-04F4-46CF-A9A3-7E223A7C5834}.Debug|Any CPU.ActiveCfg = Debug|Any CPU
		{0C817916-04F4-46CF-A9A3-7E223A7C5834}.Debug|Any CPU.Build.0 = Debug|Any CPU
		{0C817916-04F4-46CF-A9A3-7E223A7C5834}.Release|Any CPU.ActiveCfg = Release|Any CPU
		{0C817916-04F4-46CF-A9A3-7E223A7C5834}.Release|Any CPU.Build.0 = Release|Any CPU
	EndGlobalSection
	GlobalSection(SolutionProperties) = preSolution
		HideSolutionNode = FALSE
	EndGlobalSection
	GlobalSection(ExtensibilityGlobals) = postSolution
		SolutionGuid = {0021475D-B31D-47E9-A475-FF8122AA3F75}
	EndGlobalSection
EndGlobal
